
Microsoft Visual Studio Solution File, Format Version 12.00
# Visual Studio Version 17
VisualStudioVersion = 17.3.32901.215
MinimumVisualStudioVersion = 10.0.40219.1
Project("{FAE04EC0-301F-11D3-BF4B-00C04F79EFBC}") = "ConventionsWhitespaceandCommants", "ConventionsWhitespaceandCommants\ConventionsWhitespaceandCommants.csproj", "{70B231EA-4736-437E-9735-625D6C8927D1}"
EndProject
Global
	GlobalSection(SolutionConfigurationPlatforms) = preSolution
		Debug|Any CPU = Debug|Any CPU
		Release|Any CPU = Release|Any CPU
	EndGlobalSection
	GlobalSection(ProjectConfigurationPlatforms) = postSolution
		{70B231EA-4736-437E-9735-625D6C8927D1}.Debug|Any CPU.ActiveCfg = Debug|Any CPU
		{70B231EA-4736-437E-9735-625D6C8927D1}.Debug|Any CPU.Build.0 = Debug|Any CPU
		{70B231EA-4736-437E-9735-625D6C8927D1}.Release|Any CPU.ActiveCfg = Release|Any CPU
		{70B231EA-4736-437E-9735-625D6C8927D1}.Release|Any CPU.Build.0 = Release|Any CPU
	EndGlobalSection
	GlobalSection(SolutionProperties) = preSolution
		HideSolutionNode = FALSE
	EndGlobalSection
	GlobalSection(ExtensibilityGlobals) = postSolution
		SolutionGuid = {3FE3AF7C-0BCD-45E7-8269-8F2EF2E27049}
	EndGlobalSection
EndGlobal
